// !$*UTF8*$!
{
	archiveVersion = 1;
	classes = {
	};
	objectVersion = 46;
	objects = {

/* Begin PBXBuildFile section */
		B7064DD51BB44BF700ECD501 /* AVFoundation.framework in Frameworks */ = {isa = PBXBuildFile; fileRef = B74449771BB253AC004B9498 /* AVFoundation.framework */; };
		B70E4D351BB5984F0083F4C9 /* PulleyViewController.m in Sources */ = {isa = PBXBuildFile; fileRef = B70E4D341BB5984F0083F4C9 /* PulleyViewController.m */; };
		B70E4D391BB59BEE0083F4C9 /* AudioPlayViewController.m in Sources */ = {isa = PBXBuildFile; fileRef = B70E4D381BB59BEE0083F4C9 /* AudioPlayViewController.m */; };
		B70E4D3C1BB59E300083F4C9 /* PlayerViewController.m in Sources */ = {isa = PBXBuildFile; fileRef = B70E4D3B1BB59E300083F4C9 /* PlayerViewController.m */; };
		B70E4D3F1BB59E550083F4C9 /* IpodEQViewController.m in Sources */ = {isa = PBXBuildFile; fileRef = B70E4D3E1BB59E550083F4C9 /* IpodEQViewController.m */; };
		B70E4D421BB59E690083F4C9 /* CustomEQViewController.m in Sources */ = {isa = PBXBuildFile; fileRef = B70E4D411BB59E690083F4C9 /* CustomEQViewController.m */; };
		B70E4D461BB5A6CE0083F4C9 /* ipodEQ.plist in Resources */ = {isa = PBXBuildFile; fileRef = B70E4D451BB5A6CE0083F4C9 /* ipodEQ.plist */; };
		B70E4D4D1BB5A9B10083F4C9 /* IpodEQViewCell.m in Sources */ = {isa = PBXBuildFile; fileRef = B70E4D4C1BB5A9B10083F4C9 /* IpodEQViewCell.m */; };
		B70E4D4F1BB5B7860083F4C9 /* choosed@2x.png in Resources */ = {isa = PBXBuildFile; fileRef = B70E4D4E1BB5B7860083F4C9 /* choosed@2x.png */; };
		B74449751BB24D20004B9498 /* AudioToolbox.framework in Frameworks */ = {isa = PBXBuildFile; fileRef = B74449731BB24D20004B9498 /* AudioToolbox.framework */; };
		B77F6D941BB5467F00FD555B /* MyTool.m in Sources */ = {isa = PBXBuildFile; fileRef = B77F6D931BB5467F00FD555B /* MyTool.m */; };
		B780629F1BB548790099C52E /* AQConverter.mm in Sources */ = {isa = PBXBuildFile; fileRef = B78062981BB548790099C52E /* AQConverter.mm */; };
		B78062A01BB548790099C52E /* AQGraph.mm in Sources */ = {isa = PBXBuildFile; fileRef = B780629A1BB548790099C52E /* AQGraph.mm */; settings = {COMPILER_FLAGS = "-fno-objc-arc"; }; };
		B78062A11BB548790099C52E /* AQPlayer.mm in Sources */ = {isa = PBXBuildFile; fileRef = B780629C1BB548790099C52E /* AQPlayer.mm */; };
		B78062A21BB548790099C52E /* AQRing.m in Sources */ = {isa = PBXBuildFile; fileRef = B780629E1BB548790099C52E /* AQRing.m */; };
		B78062AD1BB5489E0099C52E /* CAComponentDescription.cpp in Sources */ = {isa = PBXBuildFile; fileRef = B78062A51BB5489E0099C52E /* CAComponentDescription.cpp */; };
		B78062AE1BB5489E0099C52E /* CAStreamBasicDescription.cpp in Sources */ = {isa = PBXBuildFile; fileRef = B78062A91BB5489E0099C52E /* CAStreamBasicDescription.cpp */; };
		B78062AF1BB5489E0099C52E /* CAXException.cpp in Sources */ = {isa = PBXBuildFile; fileRef = B78062AB1BB5489E0099C52E /* CAXException.cpp */; };
		B78062B31BB54A420099C52E /* pause@2x.png in Resources */ = {isa = PBXBuildFile; fileRef = B78062B11BB54A420099C52E /* pause@2x.png */; };
		B78062B41BB54A420099C52E /* play@2x.png in Resources */ = {isa = PBXBuildFile; fileRef = B78062B21BB54A420099C52E /* play@2x.png */; };
		B79BDEBF1BB16167001083DA /* Foundation.framework in Frameworks */ = {isa = PBXBuildFile; fileRef = B79BDEBE1BB16167001083DA /* Foundation.framework */; };
		B79BDEC11BB16167001083DA /* CoreGraphics.framework in Frameworks */ = {isa = PBXBuildFile; fileRef = B79BDEC01BB16167001083DA /* CoreGraphics.framework */; };
		B79BDEC31BB16167001083DA /* UIKit.framework in Frameworks */ = {isa = PBXBuildFile; fileRef = B79BDEC21BB16167001083DA /* UIKit.framework */; };
		B79BDEC91BB16167001083DA /* InfoPlist.strings in Resources */ = {isa = PBXBuildFile; fileRef = B79BDEC71BB16167001083DA /* InfoPlist.strings */; };
		B79BDECB1BB16167001083DA /* main.m in Sources */ = {isa = PBXBuildFile; fileRef = B79BDECA1BB16167001083DA /* main.m */; };
		B79BDECF1BB16167001083DA /* AppDelegate.m in Sources */ = {isa = PBXBuildFile; fileRef = B79BDECE1BB16167001083DA /* AppDelegate.m */; };
		B79BDED11BB16167001083DA /* Images.xcassets in Resources */ = {isa = PBXBuildFile; fileRef = B79BDED01BB16167001083DA /* Images.xcassets */; };
		B79BDED81BB16167001083DA /* XCTest.framework in Frameworks */ = {isa = PBXBuildFile; fileRef = B79BDED71BB16167001083DA /* XCTest.framework */; };
		B79BDED91BB16167001083DA /* Foundation.framework in Frameworks */ = {isa = PBXBuildFile; fileRef = B79BDEBE1BB16167001083DA /* Foundation.framework */; };
		B79BDEDA1BB16167001083DA /* UIKit.framework in Frameworks */ = {isa = PBXBuildFile; fileRef = B79BDEC21BB16167001083DA /* UIKit.framework */; };
		B79BDEE21BB16167001083DA /* InfoPlist.strings in Resources */ = {isa = PBXBuildFile; fileRef = B79BDEE01BB16167001083DA /* InfoPlist.strings */; };
		B79BDEE41BB16167001083DA /* zFMTests.m in Sources */ = {isa = PBXBuildFile; fileRef = B79BDEE31BB16167001083DA /* zFMTests.m */; };
		B79BDF031BB16309001083DA /* AFHTTPRequestOperation.m in Sources */ = {isa = PBXBuildFile; fileRef = B79BDEF11BB16309001083DA /* AFHTTPRequestOperation.m */; };
		B79BDF041BB16309001083DA /* AFHTTPRequestOperationManager.m in Sources */ = {isa = PBXBuildFile; fileRef = B79BDEF31BB16309001083DA /* AFHTTPRequestOperationManager.m */; };
		B79BDF051BB16309001083DA /* AFHTTPSessionManager.m in Sources */ = {isa = PBXBuildFile; fileRef = B79BDEF51BB16309001083DA /* AFHTTPSessionManager.m */; };
		B79BDF061BB16309001083DA /* AFNetworkReachabilityManager.m in Sources */ = {isa = PBXBuildFile; fileRef = B79BDEF81BB16309001083DA /* AFNetworkReachabilityManager.m */; };
		B79BDF071BB16309001083DA /* AFSecurityPolicy.m in Sources */ = {isa = PBXBuildFile; fileRef = B79BDEFA1BB16309001083DA /* AFSecurityPolicy.m */; };
		B79BDF081BB16309001083DA /* AFURLConnectionOperation.m in Sources */ = {isa = PBXBuildFile; fileRef = B79BDEFC1BB16309001083DA /* AFURLConnectionOperation.m */; };
		B79BDF091BB16309001083DA /* AFURLRequestSerialization.m in Sources */ = {isa = PBXBuildFile; fileRef = B79BDEFE1BB16309001083DA /* AFURLRequestSerialization.m */; };
		B79BDF0A1BB16309001083DA /* AFURLResponseSerialization.m in Sources */ = {isa = PBXBuildFile; fileRef = B79BDF001BB16309001083DA /* AFURLResponseSerialization.m */; };
		B79BDF0B1BB16309001083DA /* AFURLSessionManager.m in Sources */ = {isa = PBXBuildFile; fileRef = B79BDF021BB16309001083DA /* AFURLSessionManager.m */; };
/* End PBXBuildFile section */

/* Begin PBXContainerItemProxy section */
		B79BDEDB1BB16167001083DA /* PBXContainerItemProxy */ = {
			isa = PBXContainerItemProxy;
			containerPortal = B79BDEB31BB16167001083DA /* Project object */;
			proxyType = 1;
			remoteGlobalIDString = B79BDEBA1BB16167001083DA;
			remoteInfo = zFM;
		};
/* End PBXContainerItemProxy section */

/* Begin PBXFileReference section */
		B70E4D331BB5984F0083F4C9 /* PulleyViewController.h */ = {isa = PBXFileReference; fileEncoding = 4; lastKnownFileType = sourcecode.c.h; path = PulleyViewController.h; sourceTree = "<group>"; };
		B70E4D341BB5984F0083F4C9 /* PulleyViewController.m */ = {isa = PBXFileReference; fileEncoding = 4; lastKnownFileType = sourcecode.c.objc; path = PulleyViewController.m; sourceTree = "<group>"; };
		B70E4D371BB59BEE0083F4C9 /* AudioPlayViewController.h */ = {isa = PBXFileReference; fileEncoding = 4; lastKnownFileType = sourcecode.c.h; path = AudioPlayViewController.h; sourceTree = "<group>"; };
		B70E4D381BB59BEE0083F4C9 /* AudioPlayViewController.m */ = {isa = PBXFileReference; fileEncoding = 4; lastKnownFileType = sourcecode.c.objc; path = AudioPlayViewController.m; sourceTree = "<group>"; };
		B70E4D3A1BB59E300083F4C9 /* PlayerViewController.h */ = {isa = PBXFileReference; fileEncoding = 4; lastKnownFileType = sourcecode.c.h; path = PlayerViewController.h; sourceTree = "<group>"; };
		B70E4D3B1BB59E300083F4C9 /* PlayerViewController.m */ = {isa = PBXFileReference; fileEncoding = 4; lastKnownFileType = sourcecode.c.objc; path = PlayerViewController.m; sourceTree = "<group>"; };
		B70E4D3D1BB59E550083F4C9 /* IpodEQViewController.h */ = {isa = PBXFileReference; fileEncoding = 4; lastKnownFileType = sourcecode.c.h; path = IpodEQViewController.h; sourceTree = "<group>"; };
		B70E4D3E1BB59E550083F4C9 /* IpodEQViewController.m */ = {isa = PBXFileReference; fileEncoding = 4; lastKnownFileType = sourcecode.c.objc; path = IpodEQViewController.m; sourceTree = "<group>"; };
		B70E4D401BB59E690083F4C9 /* CustomEQViewController.h */ = {isa = PBXFileReference; fileEncoding = 4; lastKnownFileType = sourcecode.c.h; path = CustomEQViewController.h; sourceTree = "<group>"; };
		B70E4D411BB59E690083F4C9 /* CustomEQViewController.m */ = {isa = PBXFileReference; fileEncoding = 4; lastKnownFileType = sourcecode.c.objc; path = CustomEQViewController.m; sourceTree = "<group>"; };
		B70E4D451BB5A6CE0083F4C9 /* ipodEQ.plist */ = {isa = PBXFileReference; fileEncoding = 4; lastKnownFileType = text.plist.xml; name = ipodEQ.plist; path = zFM/play/ipodEQ.plist; sourceTree = SOURCE_ROOT; };
		B70E4D4B1BB5A9B10083F4C9 /* IpodEQViewCell.h */ = {isa = PBXFileReference; fileEncoding = 4; lastKnownFileType = sourcecode.c.h; path = IpodEQViewCell.h; sourceTree = "<group>"; };
		B70E4D4C1BB5A9B10083F4C9 /* IpodEQViewCell.m */ = {isa = PBXFileReference; fileEncoding = 4; lastKnownFileType = sourcecode.c.objc; path = IpodEQViewCell.m; sourceTree = "<group>"; };
		B70E4D4E1BB5B7860083F4C9 /* choosed@2x.png */ = {isa = PBXFileReference; lastKnownFileType = image.png; path = "choosed@2x.png"; sourceTree = "<group>"; };
		B74449711BB24D0B004B9498 /* CoreAudio.framework */ = {isa = PBXFileReference; lastKnownFileType = wrapper.framework; name = CoreAudio.framework; path = System/Library/Frameworks/CoreAudio.framework; sourceTree = SDKROOT; };
		B74449731BB24D20004B9498 /* AudioToolbox.framework */ = {isa = PBXFileReference; lastKnownFileType = wrapper.framework; name = AudioToolbox.framework; path = System/Library/Frameworks/AudioToolbox.framework; sourceTree = SDKROOT; };
		B74449741BB24D20004B9498 /* AudioUnit.framework */ = {isa = PBXFileReference; lastKnownFileType = wrapper.framework; name = AudioUnit.framework; path = System/Library/Frameworks/AudioUnit.framework; sourceTree = SDKROOT; };
		B74449771BB253AC004B9498 /* AVFoundation.framework */ = {isa = PBXFileReference; lastKnownFileType = wrapper.framework; name = AVFoundation.framework; path = System/Library/Frameworks/AVFoundation.framework; sourceTree = SDKROOT; };
		B74449791BB253EE004B9498 /* MediaPlayer.framework */ = {isa = PBXFileReference; lastKnownFileType = wrapper.framework; name = MediaPlayer.framework; path = System/Library/Frameworks/MediaPlayer.framework; sourceTree = SDKROOT; };
		B744497C1BB25B05004B9498 /* libavcodec.a */ = {isa = PBXFileReference; lastKnownFileType = archive.ar; path = libavcodec.a; sourceTree = "<group>"; };
		B744497D1BB25B05004B9498 /* libavdevice.a */ = {isa = PBXFileReference; lastKnownFileType = archive.ar; path = libavdevice.a; sourceTree = "<group>"; };
		B744497E1BB25B05004B9498 /* libavfilter.a */ = {isa = PBXFileReference; lastKnownFileType = archive.ar; path = libavfilter.a; sourceTree = "<group>"; };
		B744497F1BB25B05004B9498 /* libavformat.a */ = {isa = PBXFileReference; lastKnownFileType = archive.ar; path = libavformat.a; sourceTree = "<group>"; };
		B74449801BB25B05004B9498 /* libavresample.a */ = {isa = PBXFileReference; lastKnownFileType = archive.ar; path = libavresample.a; sourceTree = "<group>"; };
		B74449811BB25B05004B9498 /* libavutil.a */ = {isa = PBXFileReference; lastKnownFileType = archive.ar; path = libavutil.a; sourceTree = "<group>"; };
		B74449821BB25B05004B9498 /* libswresample.a */ = {isa = PBXFileReference; lastKnownFileType = archive.ar; path = libswresample.a; sourceTree = "<group>"; };
		B74449831BB25B05004B9498 /* libswscale.a */ = {isa = PBXFileReference; lastKnownFileType = archive.ar; path = libswscale.a; sourceTree = "<group>"; };
		B744498C1BB25B56004B9498 /* libiconv.dylib */ = {isa = PBXFileReference; lastKnownFileType = "compiled.mach-o.dylib"; name = libiconv.dylib; path = usr/lib/libiconv.dylib; sourceTree = SDKROOT; };
		B744498E1BB25B6F004B9498 /* libz.dylib */ = {isa = PBXFileReference; lastKnownFileType = "compiled.mach-o.dylib"; name = libz.dylib; path = usr/lib/libz.dylib; sourceTree = SDKROOT; };
		B74449901BB25B77004B9498 /* libbz2.1.0.dylib */ = {isa = PBXFileReference; lastKnownFileType = "compiled.mach-o.dylib"; name = libbz2.1.0.dylib; path = usr/lib/libbz2.1.0.dylib; sourceTree = SDKROOT; };
		B77F6D921BB5467F00FD555B /* MyTool.h */ = {isa = PBXFileReference; fileEncoding = 4; lastKnownFileType = sourcecode.c.h; path = MyTool.h; sourceTree = "<group>"; };
		B77F6D931BB5467F00FD555B /* MyTool.m */ = {isa = PBXFileReference; fileEncoding = 4; lastKnownFileType = sourcecode.c.objc; path = MyTool.m; sourceTree = "<group>"; };
		B78062971BB548790099C52E /* AQConverter.h */ = {isa = PBXFileReference; fileEncoding = 4; lastKnownFileType = sourcecode.c.h; path = AQConverter.h; sourceTree = "<group>"; };
		B78062981BB548790099C52E /* AQConverter.mm */ = {isa = PBXFileReference; fileEncoding = 4; lastKnownFileType = sourcecode.cpp.objcpp; path = AQConverter.mm; sourceTree = "<group>"; };
		B78062991BB548790099C52E /* AQGraph.h */ = {isa = PBXFileReference; fileEncoding = 4; lastKnownFileType = sourcecode.c.h; path = AQGraph.h; sourceTree = "<group>"; };
		B780629A1BB548790099C52E /* AQGraph.mm */ = {isa = PBXFileReference; fileEncoding = 4; lastKnownFileType = sourcecode.cpp.objcpp; path = AQGraph.mm; sourceTree = "<group>"; };
		B780629B1BB548790099C52E /* AQPlayer.h */ = {isa = PBXFileReference; fileEncoding = 4; lastKnownFileType = sourcecode.c.h; path = AQPlayer.h; sourceTree = "<group>"; };
		B780629C1BB548790099C52E /* AQPlayer.mm */ = {isa = PBXFileReference; fileEncoding = 4; lastKnownFileType = sourcecode.cpp.objcpp; path = AQPlayer.mm; sourceTree = "<group>"; };
		B780629D1BB548790099C52E /* AQRing.h */ = {isa = PBXFileReference; fileEncoding = 4; lastKnownFileType = sourcecode.c.h; path = AQRing.h; sourceTree = "<group>"; };
		B780629E1BB548790099C52E /* AQRing.m */ = {isa = PBXFileReference; fileEncoding = 4; lastKnownFileType = sourcecode.c.objc; path = AQRing.m; sourceTree = "<group>"; };
		B78062A41BB5489E0099C52E /* CACFDictionary.h */ = {isa = PBXFileReference; fileEncoding = 4; lastKnownFileType = sourcecode.c.h; path = CACFDictionary.h; sourceTree = "<group>"; };
		B78062A51BB5489E0099C52E /* CAComponentDescription.cpp */ = {isa = PBXFileReference; fileEncoding = 4; lastKnownFileType = sourcecode.cpp.cpp; path = CAComponentDescription.cpp; sourceTree = "<group>"; };
		B78062A61BB5489E0099C52E /* CAComponentDescription.h */ = {isa = PBXFileReference; fileEncoding = 4; lastKnownFileType = sourcecode.c.h; path = CAComponentDescription.h; sourceTree = "<group>"; };
		B78062A71BB5489E0099C52E /* CADebugMacros.h */ = {isa = PBXFileReference; fileEncoding = 4; lastKnownFileType = sourcecode.c.h; path = CADebugMacros.h; sourceTree = "<group>"; };
		B78062A81BB5489E0099C52E /* CAMath.h */ = {isa = PBXFileReference; fileEncoding = 4; lastKnownFileType = sourcecode.c.h; path = CAMath.h; sourceTree = "<group>"; };
		B78062A91BB5489E0099C52E /* CAStreamBasicDescription.cpp */ = {isa = PBXFileReference; fileEncoding = 4; lastKnownFileType = sourcecode.cpp.cpp; path = CAStreamBasicDescription.cpp; sourceTree = "<group>"; };
		B78062AA1BB5489E0099C52E /* CAStreamBasicDescription.h */ = {isa = PBXFileReference; fileEncoding = 4; lastKnownFileType = sourcecode.c.h; path = CAStreamBasicDescription.h; sourceTree = "<group>"; };
		B78062AB1BB5489E0099C52E /* CAXException.cpp */ = {isa = PBXFileReference; fileEncoding = 4; lastKnownFileType = sourcecode.cpp.cpp; path = CAXException.cpp; sourceTree = "<group>"; };
		B78062AC1BB5489E0099C52E /* CAXException.h */ = {isa = PBXFileReference; fileEncoding = 4; lastKnownFileType = sourcecode.c.h; path = CAXException.h; sourceTree = "<group>"; };
		B78062B11BB54A420099C52E /* pause@2x.png */ = {isa = PBXFileReference; lastKnownFileType = image.png; path = "pause@2x.png"; sourceTree = "<group>"; };
		B78062B21BB54A420099C52E /* play@2x.png */ = {isa = PBXFileReference; lastKnownFileType = image.png; path = "play@2x.png"; sourceTree = "<group>"; };
		B79BDEBB1BB16167001083DA /* zFM.app */ = {isa = PBXFileReference; explicitFileType = wrapper.application; includeInIndex = 0; path = zFM.app; sourceTree = BUILT_PRODUCTS_DIR; };
		B79BDEBE1BB16167001083DA /* Foundation.framework */ = {isa = PBXFileReference; lastKnownFileType = wrapper.framework; name = Foundation.framework; path = System/Library/Frameworks/Foundation.framework; sourceTree = SDKROOT; };
		B79BDEC01BB16167001083DA /* CoreGraphics.framework */ = {isa = PBXFileReference; lastKnownFileType = wrapper.framework; name = CoreGraphics.framework; path = System/Library/Frameworks/CoreGraphics.framework; sourceTree = SDKROOT; };
		B79BDEC21BB16167001083DA /* UIKit.framework */ = {isa = PBXFileReference; lastKnownFileType = wrapper.framework; name = UIKit.framework; path = System/Library/Frameworks/UIKit.framework; sourceTree = SDKROOT; };
		B79BDEC61BB16167001083DA /* zFM-Info.plist */ = {isa = PBXFileReference; lastKnownFileType = text.plist.xml; path = "zFM-Info.plist"; sourceTree = "<group>"; };
		B79BDEC81BB16167001083DA /* en */ = {isa = PBXFileReference; lastKnownFileType = text.plist.strings; name = en; path = en.lproj/InfoPlist.strings; sourceTree = "<group>"; };
		B79BDECA1BB16167001083DA /* main.m */ = {isa = PBXFileReference; lastKnownFileType = sourcecode.c.objc; path = main.m; sourceTree = "<group>"; };
		B79BDECC1BB16167001083DA /* zFM-Prefix.pch */ = {isa = PBXFileReference; lastKnownFileType = sourcecode.c.h; path = "zFM-Prefix.pch"; sourceTree = "<group>"; };
		B79BDECD1BB16167001083DA /* AppDelegate.h */ = {isa = PBXFileReference; lastKnownFileType = sourcecode.c.h; path = AppDelegate.h; sourceTree = "<group>"; };
		B79BDECE1BB16167001083DA /* AppDelegate.m */ = {isa = PBXFileReference; lastKnownFileType = sourcecode.c.objc; path = AppDelegate.m; sourceTree = "<group>"; };
		B79BDED01BB16167001083DA /* Images.xcassets */ = {isa = PBXFileReference; lastKnownFileType = folder.assetcatalog; path = Images.xcassets; sourceTree = "<group>"; };
		B79BDED61BB16167001083DA /* zFMTests.xctest */ = {isa = PBXFileReference; explicitFileType = wrapper.cfbundle; includeInIndex = 0; path = zFMTests.xctest; sourceTree = BUILT_PRODUCTS_DIR; };
		B79BDED71BB16167001083DA /* XCTest.framework */ = {isa = PBXFileReference; lastKnownFileType = wrapper.framework; name = XCTest.framework; path = Library/Frameworks/XCTest.framework; sourceTree = DEVELOPER_DIR; };
		B79BDEDF1BB16167001083DA /* zFMTests-Info.plist */ = {isa = PBXFileReference; lastKnownFileType = text.plist.xml; path = "zFMTests-Info.plist"; sourceTree = "<group>"; };
		B79BDEE11BB16167001083DA /* en */ = {isa = PBXFileReference; lastKnownFileType = text.plist.strings; name = en; path = en.lproj/InfoPlist.strings; sourceTree = "<group>"; };
		B79BDEE31BB16167001083DA /* zFMTests.m */ = {isa = PBXFileReference; lastKnownFileType = sourcecode.c.objc; path = zFMTests.m; sourceTree = "<group>"; };
		B79BDEF01BB16309001083DA /* AFHTTPRequestOperation.h */ = {isa = PBXFileReference; fileEncoding = 4; lastKnownFileType = sourcecode.c.h; path = AFHTTPRequestOperation.h; sourceTree = "<group>"; };
		B79BDEF11BB16309001083DA /* AFHTTPRequestOperation.m */ = {isa = PBXFileReference; fileEncoding = 4; lastKnownFileType = sourcecode.c.objc; path = AFHTTPRequestOperation.m; sourceTree = "<group>"; };
		B79BDEF21BB16309001083DA /* AFHTTPRequestOperationManager.h */ = {isa = PBXFileReference; fileEncoding = 4; lastKnownFileType = sourcecode.c.h; path = AFHTTPRequestOperationManager.h; sourceTree = "<group>"; };
		B79BDEF31BB16309001083DA /* AFHTTPRequestOperationManager.m */ = {isa = PBXFileReference; fileEncoding = 4; lastKnownFileType = sourcecode.c.objc; path = AFHTTPRequestOperationManager.m; sourceTree = "<group>"; };
		B79BDEF41BB16309001083DA /* AFHTTPSessionManager.h */ = {isa = PBXFileReference; fileEncoding = 4; lastKnownFileType = sourcecode.c.h; path = AFHTTPSessionManager.h; sourceTree = "<group>"; };
		B79BDEF51BB16309001083DA /* AFHTTPSessionManager.m */ = {isa = PBXFileReference; fileEncoding = 4; lastKnownFileType = sourcecode.c.objc; path = AFHTTPSessionManager.m; sourceTree = "<group>"; };
		B79BDEF61BB16309001083DA /* AFNetworking.h */ = {isa = PBXFileReference; fileEncoding = 4; lastKnownFileType = sourcecode.c.h; path = AFNetworking.h; sourceTree = "<group>"; };
		B79BDEF71BB16309001083DA /* AFNetworkReachabilityManager.h */ = {isa = PBXFileReference; fileEncoding = 4; lastKnownFileType = sourcecode.c.h; path = AFNetworkReachabilityManager.h; sourceTree = "<group>"; };
		B79BDEF81BB16309001083DA /* AFNetworkReachabilityManager.m */ = {isa = PBXFileReference; fileEncoding = 4; lastKnownFileType = sourcecode.c.objc; path = AFNetworkReachabilityManager.m; sourceTree = "<group>"; };
		B79BDEF91BB16309001083DA /* AFSecurityPolicy.h */ = {isa = PBXFileReference; fileEncoding = 4; lastKnownFileType = sourcecode.c.h; path = AFSecurityPolicy.h; sourceTree = "<group>"; };
		B79BDEFA1BB16309001083DA /* AFSecurityPolicy.m */ = {isa = PBXFileReference; fileEncoding = 4; lastKnownFileType = sourcecode.c.objc; path = AFSecurityPolicy.m; sourceTree = "<group>"; };
		B79BDEFB1BB16309001083DA /* AFURLConnectionOperation.h */ = {isa = PBXFileReference; fileEncoding = 4; lastKnownFileType = sourcecode.c.h; path = AFURLConnectionOperation.h; sourceTree = "<group>"; };
		B79BDEFC1BB16309001083DA /* AFURLConnectionOperation.m */ = {isa = PBXFileReference; fileEncoding = 4; lastKnownFileType = sourcecode.c.objc; path = AFURLConnectionOperation.m; sourceTree = "<group>"; };
		B79BDEFD1BB16309001083DA /* AFURLRequestSerialization.h */ = {isa = PBXFileReference; fileEncoding = 4; lastKnownFileType = sourcecode.c.h; path = AFURLRequestSerialization.h; sourceTree = "<group>"; };
		B79BDEFE1BB16309001083DA /* AFURLRequestSerialization.m */ = {isa = PBXFileReference; fileEncoding = 4; lastKnownFileType = sourcecode.c.objc; path = AFURLRequestSerialization.m; sourceTree = "<group>"; };
		B79BDEFF1BB16309001083DA /* AFURLResponseSerialization.h */ = {isa = PBXFileReference; fileEncoding = 4; lastKnownFileType = sourcecode.c.h; path = AFURLResponseSerialization.h; sourceTree = "<group>"; };
		B79BDF001BB16309001083DA /* AFURLResponseSerialization.m */ = {isa = PBXFileReference; fileEncoding = 4; lastKnownFileType = sourcecode.c.objc; path = AFURLResponseSerialization.m; sourceTree = "<group>"; };
		B79BDF011BB16309001083DA /* AFURLSessionManager.h */ = {isa = PBXFileReference; fileEncoding = 4; lastKnownFileType = sourcecode.c.h; path = AFURLSessionManager.h; sourceTree = "<group>"; };
		B79BDF021BB16309001083DA /* AFURLSessionManager.m */ = {isa = PBXFileReference; fileEncoding = 4; lastKnownFileType = sourcecode.c.objc; path = AFURLSessionManager.m; sourceTree = "<group>"; };
/* End PBXFileReference section */

/* Begin PBXFrameworksBuildPhase section */
		B79BDEB81BB16167001083DA /* Frameworks */ = {
			isa = PBXFrameworksBuildPhase;
			buildActionMask = 2147483647;
			files = (
				B7064DD51BB44BF700ECD501 /* AVFoundation.framework in Frameworks */,
				B74449751BB24D20004B9498 /* AudioToolbox.framework in Frameworks */,
				B79BDEC11BB16167001083DA /* CoreGraphics.framework in Frameworks */,
				B79BDEC31BB16167001083DA /* UIKit.framework in Frameworks */,
				B79BDEBF1BB16167001083DA /* Foundation.framework in Frameworks */,
			);
			runOnlyForDeploymentPostprocessing = 0;
		};
		B79BDED31BB16167001083DA /* Frameworks */ = {
			isa = PBXFrameworksBuildPhase;
			buildActionMask = 2147483647;
			files = (
				B79BDED81BB16167001083DA /* XCTest.framework in Frameworks */,
				B79BDEDA1BB16167001083DA /* UIKit.framework in Frameworks */,
				B79BDED91BB16167001083DA /* Foundation.framework in Frameworks */,
			);
			runOnlyForDeploymentPostprocessing = 0;
		};
/* End PBXFrameworksBuildPhase section */

/* Begin PBXGroup section */
		B70E4D311BB5984F0083F4C9 /* baseUI */ = {
			isa = PBXGroup;
			children = (
				B70E4D321BB5984F0083F4C9 /* controllers */,
			);
			path = baseUI;
			sourceTree = "<group>";
		};
		B70E4D321BB5984F0083F4C9 /* controllers */ = {
			isa = PBXGroup;
			children = (
				B70E4D331BB5984F0083F4C9 /* PulleyViewController.h */,
				B70E4D341BB5984F0083F4C9 /* PulleyViewController.m */,
			);
			path = controllers;
			sourceTree = "<group>";
		};
		B70E4D361BB59BEE0083F4C9 /* controllers */ = {
			isa = PBXGroup;
			children = (
				B70E4D371BB59BEE0083F4C9 /* AudioPlayViewController.h */,
				B70E4D381BB59BEE0083F4C9 /* AudioPlayViewController.m */,
				B70E4D3A1BB59E300083F4C9 /* PlayerViewController.h */,
				B70E4D3B1BB59E300083F4C9 /* PlayerViewController.m */,
				B70E4D3D1BB59E550083F4C9 /* IpodEQViewController.h */,
				B70E4D3E1BB59E550083F4C9 /* IpodEQViewController.m */,
				B70E4D401BB59E690083F4C9 /* CustomEQViewController.h */,
				B70E4D411BB59E690083F4C9 /* CustomEQViewController.m */,
			);
			name = controllers;
			path = zFM/play/controllers;
			sourceTree = SOURCE_ROOT;
		};
		B70E4D4A1BB5A9B10083F4C9 /* views */ = {
			isa = PBXGroup;
			children = (
				B70E4D4B1BB5A9B10083F4C9 /* IpodEQViewCell.h */,
				B70E4D4C1BB5A9B10083F4C9 /* IpodEQViewCell.m */,
			);
			name = views;
			path = zFM/play/views;
			sourceTree = SOURCE_ROOT;
		};
		B744495A1BB24C7A004B9498 /* play */ = {
			isa = PBXGroup;
			children = (
				B70E4D451BB5A6CE0083F4C9 /* ipodEQ.plist */,
				B78062A31BB5489E0099C52E /* PublicUtility */,
				B78062961BB548790099C52E /* player */,
				B70E4D361BB59BEE0083F4C9 /* controllers */,
				B70E4D4A1BB5A9B10083F4C9 /* views */,
			);
			name = play;
			path = player;
			sourceTree = "<group>";
		};
		B744496A1BB24C90004B9498 /* sources */ = {
			isa = PBXGroup;
			children = (
				B78062B01BB54A420099C52E /* play */,
			);
			path = sources;
			sourceTree = "<group>";
		};
		B744497B1BB25B05004B9498 /* ffmpeg */ = {
			isa = PBXGroup;
			children = (
				B744497C1BB25B05004B9498 /* libavcodec.a */,
				B744497D1BB25B05004B9498 /* libavdevice.a */,
				B744497E1BB25B05004B9498 /* libavfilter.a */,
				B744497F1BB25B05004B9498 /* libavformat.a */,
				B74449801BB25B05004B9498 /* libavresample.a */,
				B74449811BB25B05004B9498 /* libavutil.a */,
				B74449821BB25B05004B9498 /* libswresample.a */,
				B74449831BB25B05004B9498 /* libswscale.a */,
			);
			name = ffmpeg;
			path = libs/ffmpeg;
			sourceTree = "<group>";
		};
		B77F6D911BB5467F00FD555B /* tools */ = {
			isa = PBXGroup;
			children = (
				B77F6D921BB5467F00FD555B /* MyTool.h */,
				B77F6D931BB5467F00FD555B /* MyTool.m */,
			);
			path = tools;
			sourceTree = "<group>";
		};
		B78062961BB548790099C52E /* player */ = {
			isa = PBXGroup;
			children = (
				B780629B1BB548790099C52E /* AQPlayer.h */,
				B780629C1BB548790099C52E /* AQPlayer.mm */,
				B78062971BB548790099C52E /* AQConverter.h */,
				B78062981BB548790099C52E /* AQConverter.mm */,
				B78062991BB548790099C52E /* AQGraph.h */,
				B780629A1BB548790099C52E /* AQGraph.mm */,
				B780629D1BB548790099C52E /* AQRing.h */,
				B780629E1BB548790099C52E /* AQRing.m */,
			);
			name = player;
			path = zFM/play/player;
			sourceTree = SOURCE_ROOT;
		};
		B78062A31BB5489E0099C52E /* PublicUtility */ = {
			isa = PBXGroup;
			children = (
				B78062A41BB5489E0099C52E /* CACFDictionary.h */,
				B78062A51BB5489E0099C52E /* CAComponentDescription.cpp */,
				B78062A61BB5489E0099C52E /* CAComponentDescription.h */,
				B78062A71BB5489E0099C52E /* CADebugMacros.h */,
				B78062A81BB5489E0099C52E /* CAMath.h */,
				B78062A91BB5489E0099C52E /* CAStreamBasicDescription.cpp */,
				B78062AA1BB5489E0099C52E /* CAStreamBasicDescription.h */,
				B78062AB1BB5489E0099C52E /* CAXException.cpp */,
				B78062AC1BB5489E0099C52E /* CAXException.h */,
			);
			name = PublicUtility;
			path = zFM/play/PublicUtility;
			sourceTree = SOURCE_ROOT;
		};
		B78062B01BB54A420099C52E /* play */ = {
			isa = PBXGroup;
			children = (
				B78062B11BB54A420099C52E /* pause@2x.png */,
				B78062B21BB54A420099C52E /* play@2x.png */,
				B70E4D4E1BB5B7860083F4C9 /* choosed@2x.png */,
			);
			path = play;
			sourceTree = "<group>";
		};
		B79BDEB21BB16167001083DA = {
			isa = PBXGroup;
			children = (
				B744496A1BB24C90004B9498 /* sources */,
				B79BDEEE1BB16309001083DA /* libs */,
				B79BDEC41BB16167001083DA /* zFM */,
				B79BDEDD1BB16167001083DA /* zFMTests */,
				B79BDEBD1BB16167001083DA /* Frameworks */,
				B79BDEBC1BB16167001083DA /* Products */,
			);
			sourceTree = "<group>";
		};
		B79BDEBC1BB16167001083DA /* Products */ = {
			isa = PBXGroup;
			children = (
				B79BDEBB1BB16167001083DA /* zFM.app */,
				B79BDED61BB16167001083DA /* zFMTests.xctest */,
			);
			name = Products;
			sourceTree = "<group>";
		};
		B79BDEBD1BB16167001083DA /* Frameworks */ = {
			isa = PBXGroup;
			children = (
				B74449901BB25B77004B9498 /* libbz2.1.0.dylib */,
				B744498E1BB25B6F004B9498 /* libz.dylib */,
				B744498C1BB25B56004B9498 /* libiconv.dylib */,
				B744497B1BB25B05004B9498 /* ffmpeg */,
				B74449791BB253EE004B9498 /* MediaPlayer.framework */,
				B74449771BB253AC004B9498 /* AVFoundation.framework */,
				B74449731BB24D20004B9498 /* AudioToolbox.framework */,
				B74449741BB24D20004B9498 /* AudioUnit.framework */,
				B74449711BB24D0B004B9498 /* CoreAudio.framework */,
				B79BDEBE1BB16167001083DA /* Foundation.framework */,
				B79BDEC01BB16167001083DA /* CoreGraphics.framework */,
				B79BDEC21BB16167001083DA /* UIKit.framework */,
				B79BDED71BB16167001083DA /* XCTest.framework */,
			);
			name = Frameworks;
			sourceTree = "<group>";
		};
		B79BDEC41BB16167001083DA /* zFM */ = {
			isa = PBXGroup;
			children = (
				B79BDECD1BB16167001083DA /* AppDelegate.h */,
				B79BDECE1BB16167001083DA /* AppDelegate.m */,
				B77F6D911BB5467F00FD555B /* tools */,
				B70E4D311BB5984F0083F4C9 /* baseUI */,
				B744495A1BB24C7A004B9498 /* play */,
				B79BDED01BB16167001083DA /* Images.xcassets */,
				B79BDEC51BB16167001083DA /* Supporting Files */,
			);
			path = zFM;
			sourceTree = "<group>";
		};
		B79BDEC51BB16167001083DA /* Supporting Files */ = {
			isa = PBXGroup;
			children = (
				B79BDEC61BB16167001083DA /* zFM-Info.plist */,
				B79BDEC71BB16167001083DA /* InfoPlist.strings */,
				B79BDECA1BB16167001083DA /* main.m */,
				B79BDECC1BB16167001083DA /* zFM-Prefix.pch */,
			);
			name = "Supporting Files";
			sourceTree = "<group>";
		};
		B79BDEDD1BB16167001083DA /* zFMTests */ = {
			isa = PBXGroup;
			children = (
				B79BDEE31BB16167001083DA /* zFMTests.m */,
				B79BDEDE1BB16167001083DA /* Supporting Files */,
			);
			path = zFMTests;
			sourceTree = "<group>";
		};
		B79BDEDE1BB16167001083DA /* Supporting Files */ = {
			isa = PBXGroup;
			children = (
				B79BDEDF1BB16167001083DA /* zFMTests-Info.plist */,
				B79BDEE01BB16167001083DA /* InfoPlist.strings */,
			);
			name = "Supporting Files";
			sourceTree = "<group>";
		};
		B79BDEEE1BB16309001083DA /* libs */ = {
			isa = PBXGroup;
			children = (
				B79BDEEF1BB16309001083DA /* AFNetworking */,
			);
			path = libs;
			sourceTree = "<group>";
		};
		B79BDEEF1BB16309001083DA /* AFNetworking */ = {
			isa = PBXGroup;
			children = (
				B79BDEF01BB16309001083DA /* AFHTTPRequestOperation.h */,
				B79BDEF11BB16309001083DA /* AFHTTPRequestOperation.m */,
				B79BDEF21BB16309001083DA /* AFHTTPRequestOperationManager.h */,
				B79BDEF31BB16309001083DA /* AFHTTPRequestOperationManager.m */,
				B79BDEF41BB16309001083DA /* AFHTTPSessionManager.h */,
				B79BDEF51BB16309001083DA /* AFHTTPSessionManager.m */,
				B79BDEF61BB16309001083DA /* AFNetworking.h */,
				B79BDEF71BB16309001083DA /* AFNetworkReachabilityManager.h */,
				B79BDEF81BB16309001083DA /* AFNetworkReachabilityManager.m */,
				B79BDEF91BB16309001083DA /* AFSecurityPolicy.h */,
				B79BDEFA1BB16309001083DA /* AFSecurityPolicy.m */,
				B79BDEFB1BB16309001083DA /* AFURLConnectionOperation.h */,
				B79BDEFC1BB16309001083DA /* AFURLConnectionOperation.m */,
				B79BDEFD1BB16309001083DA /* AFURLRequestSerialization.h */,
				B79BDEFE1BB16309001083DA /* AFURLRequestSerialization.m */,
				B79BDEFF1BB16309001083DA /* AFURLResponseSerialization.h */,
				B79BDF001BB16309001083DA /* AFURLResponseSerialization.m */,
				B79BDF011BB16309001083DA /* AFURLSessionManager.h */,
				B79BDF021BB16309001083DA /* AFURLSessionManager.m */,
			);
			path = AFNetworking;
			sourceTree = "<group>";
		};
/* End PBXGroup section */

/* Begin PBXNativeTarget section */
		B79BDEBA1BB16167001083DA /* zFM */ = {
			isa = PBXNativeTarget;
			buildConfigurationList = B79BDEE71BB16167001083DA /* Build configuration list for PBXNativeTarget "zFM" */;
			buildPhases = (
				B79BDEB71BB16167001083DA /* Sources */,
				B79BDEB81BB16167001083DA /* Frameworks */,
				B79BDEB91BB16167001083DA /* Resources */,
			);
			buildRules = (
			);
			dependencies = (
			);
			name = zFM;
			productName = zFM;
			productReference = B79BDEBB1BB16167001083DA /* zFM.app */;
			productType = "com.apple.product-type.application";
		};
		B79BDED51BB16167001083DA /* zFMTests */ = {
			isa = PBXNativeTarget;
			buildConfigurationList = B79BDEEA1BB16167001083DA /* Build configuration list for PBXNativeTarget "zFMTests" */;
			buildPhases = (
				B79BDED21BB16167001083DA /* Sources */,
				B79BDED31BB16167001083DA /* Frameworks */,
				B79BDED41BB16167001083DA /* Resources */,
			);
			buildRules = (
			);
			dependencies = (
				B79BDEDC1BB16167001083DA /* PBXTargetDependency */,
			);
			name = zFMTests;
			productName = zFMTests;
			productReference = B79BDED61BB16167001083DA /* zFMTests.xctest */;
			productType = "com.apple.product-type.bundle.unit-test";
		};
/* End PBXNativeTarget section */

/* Begin PBXProject section */
		B79BDEB31BB16167001083DA /* Project object */ = {
			isa = PBXProject;
			attributes = {
				LastUpgradeCheck = 0500;
				ORGANIZATIONNAME = zykhbl;
				TargetAttributes = {
					B79BDED51BB16167001083DA = {
						TestTargetID = B79BDEBA1BB16167001083DA;
					};
				};
			};
			buildConfigurationList = B79BDEB61BB16167001083DA /* Build configuration list for PBXProject "zFM" */;
			compatibilityVersion = "Xcode 3.2";
			developmentRegion = English;
			hasScannedForEncodings = 0;
			knownRegions = (
				en,
			);
			mainGroup = B79BDEB21BB16167001083DA;
			productRefGroup = B79BDEBC1BB16167001083DA /* Products */;
			projectDirPath = "";
			projectRoot = "";
			targets = (
				B79BDEBA1BB16167001083DA /* zFM */,
				B79BDED51BB16167001083DA /* zFMTests */,
			);
		};
/* End PBXProject section */

/* Begin PBXResourcesBuildPhase section */
		B79BDEB91BB16167001083DA /* Resources */ = {
			isa = PBXResourcesBuildPhase;
			buildActionMask = 2147483647;
			files = (
				B79BDEC91BB16167001083DA /* InfoPlist.strings in Resources */,
				B78062B31BB54A420099C52E /* pause@2x.png in Resources */,
				B70E4D4F1BB5B7860083F4C9 /* choosed@2x.png in Resources */,
				B78062B41BB54A420099C52E /* play@2x.png in Resources */,
				B70E4D461BB5A6CE0083F4C9 /* ipodEQ.plist in Resources */,
				B79BDED11BB16167001083DA /* Images.xcassets in Resources */,
			);
			runOnlyForDeploymentPostprocessing = 0;
		};
		B79BDED41BB16167001083DA /* Resources */ = {
			isa = PBXResourcesBuildPhase;
			buildActionMask = 2147483647;
			files = (
				B79BDEE21BB16167001083DA /* InfoPlist.strings in Resources */,
			);
			runOnlyForDeploymentPostprocessing = 0;
		};
/* End PBXResourcesBuildPhase section */

/* Begin PBXSourcesBuildPhase section */
		B79BDEB71BB16167001083DA /* Sources */ = {
			isa = PBXSourcesBuildPhase;
			buildActionMask = 2147483647;
			files = (
				B780629F1BB548790099C52E /* AQConverter.mm in Sources */,
				B79BDF091BB16309001083DA /* AFURLRequestSerialization.m in Sources */,
				B79BDF081BB16309001083DA /* AFURLConnectionOperation.m in Sources */,
				B79BDF071BB16309001083DA /* AFSecurityPolicy.m in Sources */,
				B78062AD1BB5489E0099C52E /* CAComponentDescription.cpp in Sources */,
				B79BDF031BB16309001083DA /* AFHTTPRequestOperation.m in Sources */,
				B78062A21BB548790099C52E /* AQRing.m in Sources */,
				B70E4D3F1BB59E550083F4C9 /* IpodEQViewController.m in Sources */,
				B79BDF0B1BB16309001083DA /* AFURLSessionManager.m in Sources */,
				B78062AF1BB5489E0099C52E /* CAXException.cpp in Sources */,
				B70E4D3C1BB59E300083F4C9 /* PlayerViewController.m in Sources */,
				B79BDF0A1BB16309001083DA /* AFURLResponseSerialization.m in Sources */,
				B78062A01BB548790099C52E /* AQGraph.mm in Sources */,
				B70E4D391BB59BEE0083F4C9 /* AudioPlayViewController.m in Sources */,
				B78062A11BB548790099C52E /* AQPlayer.mm in Sources */,
				B78062AE1BB5489E0099C52E /* CAStreamBasicDescription.cpp in Sources */,
				B79BDECF1BB16167001083DA /* AppDelegate.m in Sources */,
				B79BDF051BB16309001083DA /* AFHTTPSessionManager.m in Sources */,
				B70E4D351BB5984F0083F4C9 /* PulleyViewController.m in Sources */,
				B70E4D421BB59E690083F4C9 /* CustomEQViewController.m in Sources */,
				B79BDF041BB16309001083DA /* AFHTTPRequestOperationManager.m in Sources */,
				B70E4D4D1BB5A9B10083F4C9 /* IpodEQViewCell.m in Sources */,
				B79BDF061BB16309001083DA /* AFNetworkReachabilityManager.m in Sources */,
				B77F6D941BB5467F00FD555B /* MyTool.m in Sources */,
				B79BDECB1BB16167001083DA /* main.m in Sources */,
			);
			runOnlyForDeploymentPostprocessing = 0;
		};
		B79BDED21BB16167001083DA /* Sources */ = {
			isa = PBXSourcesBuildPhase;
			buildActionMask = 2147483647;
			files = (
				B79BDEE41BB16167001083DA /* zFMTests.m in Sources */,
			);
			runOnlyForDeploymentPostprocessing = 0;
		};
/* End PBXSourcesBuildPhase section */

/* Begin PBXTargetDependency section */
		B79BDEDC1BB16167001083DA /* PBXTargetDependency */ = {
			isa = PBXTargetDependency;
			target = B79BDEBA1BB16167001083DA /* zFM */;
			targetProxy = B79BDEDB1BB16167001083DA /* PBXContainerItemProxy */;
		};
/* End PBXTargetDependency section */

/* Begin PBXVariantGroup section */
		B79BDEC71BB16167001083DA /* InfoPlist.strings */ = {
			isa = PBXVariantGroup;
			children = (
				B79BDEC81BB16167001083DA /* en */,
			);
			name = InfoPlist.strings;
			sourceTree = "<group>";
		};
		B79BDEE01BB16167001083DA /* InfoPlist.strings */ = {
			isa = PBXVariantGroup;
			children = (
				B79BDEE11BB16167001083DA /* en */,
			);
			name = InfoPlist.strings;
			sourceTree = "<group>";
		};
/* End PBXVariantGroup section */

/* Begin XCBuildConfiguration section */
		B79BDEE51BB16167001083DA /* Debug */ = {
			isa = XCBuildConfiguration;
			buildSettings = {
				ALWAYS_SEARCH_USER_PATHS = NO;
				ARCHS = "$(ARCHS_STANDARD_INCLUDING_64_BIT)";
				CLANG_CXX_LANGUAGE_STANDARD = "gnu++0x";
				CLANG_CXX_LIBRARY = "libc++";
				CLANG_ENABLE_MODULES = YES;
				CLANG_ENABLE_OBJC_ARC = YES;
				CLANG_WARN_BOOL_CONVERSION = YES;
				CLANG_WARN_CONSTANT_CONVERSION = YES;
				CLANG_WARN_DIRECT_OBJC_ISA_USAGE = YES_ERROR;
				CLANG_WARN_EMPTY_BODY = YES;
				CLANG_WARN_ENUM_CONVERSION = YES;
				CLANG_WARN_INT_CONVERSION = YES;
				CLANG_WARN_OBJC_ROOT_CLASS = YES_ERROR;
				CLANG_WARN__DUPLICATE_METHOD_MATCH = YES;
				"CODE_SIGN_IDENTITY[sdk=iphoneos*]" = "iPhone Developer";
				COPY_PHASE_STRIP = NO;
				GCC_C_LANGUAGE_STANDARD = gnu99;
				GCC_DYNAMIC_NO_PIC = NO;
				GCC_OPTIMIZATION_LEVEL = 0;
				GCC_PREPROCESSOR_DEFINITIONS = (
					"DEBUG=1",
					"$(inherited)",
				);
				GCC_SYMBOLS_PRIVATE_EXTERN = NO;
				GCC_WARN_64_TO_32_BIT_CONVERSION = YES;
				GCC_WARN_ABOUT_RETURN_TYPE = YES_ERROR;
				GCC_WARN_UNDECLARED_SELECTOR = YES;
				GCC_WARN_UNINITIALIZED_AUTOS = YES;
				GCC_WARN_UNUSED_FUNCTION = YES;
				GCC_WARN_UNUSED_VARIABLE = YES;
				IPHONEOS_DEPLOYMENT_TARGET = 7.0;
				ONLY_ACTIVE_ARCH = YES;
				SDKROOT = iphoneos;
			};
			name = Debug;
		};
		B79BDEE61BB16167001083DA /* Release */ = {
			isa = XCBuildConfiguration;
			buildSettings = {
				ALWAYS_SEARCH_USER_PATHS = NO;
				ARCHS = "$(ARCHS_STANDARD_INCLUDING_64_BIT)";
				CLANG_CXX_LANGUAGE_STANDARD = "gnu++0x";
				CLANG_CXX_LIBRARY = "libc++";
				CLANG_ENABLE_MODULES = YES;
				CLANG_ENABLE_OBJC_ARC = YES;
				CLANG_WARN_BOOL_CONVERSION = YES;
				CLANG_WARN_CONSTANT_CONVERSION = YES;
				CLANG_WARN_DIRECT_OBJC_ISA_USAGE = YES_ERROR;
				CLANG_WARN_EMPTY_BODY = YES;
				CLANG_WARN_ENUM_CONVERSION = YES;
				CLANG_WARN_INT_CONVERSION = YES;
				CLANG_WARN_OBJC_ROOT_CLASS = YES_ERROR;
				CLANG_WARN__DUPLICATE_METHOD_MATCH = YES;
				"CODE_SIGN_IDENTITY[sdk=iphoneos*]" = "iPhone Developer";
				COPY_PHASE_STRIP = YES;
				ENABLE_NS_ASSERTIONS = NO;
				GCC_C_LANGUAGE_STANDARD = gnu99;
				GCC_WARN_64_TO_32_BIT_CONVERSION = YES;
				GCC_WARN_ABOUT_RETURN_TYPE = YES_ERROR;
				GCC_WARN_UNDECLARED_SELECTOR = YES;
				GCC_WARN_UNINITIALIZED_AUTOS = YES;
				GCC_WARN_UNUSED_FUNCTION = YES;
				GCC_WARN_UNUSED_VARIABLE = YES;
				IPHONEOS_DEPLOYMENT_TARGET = 7.0;
				SDKROOT = iphoneos;
				VALIDATE_PRODUCT = YES;
			};
			name = Release;
		};
		B79BDEE81BB16167001083DA /* Debug */ = {
			isa = XCBuildConfiguration;
			buildSettings = {
				ASSETCATALOG_COMPILER_APPICON_NAME = AppIcon;
				ASSETCATALOG_COMPILER_LAUNCHIMAGE_NAME = LaunchImage;
				GCC_PRECOMPILE_PREFIX_HEADER = YES;
				GCC_PREFIX_HEADER = "zFM/zFM-Prefix.pch";
				GCC_PREPROCESSOR_DEFINITIONS = "";
				INFOPLIST_FILE = "zFM/zFM-Info.plist";
				LIBRARY_SEARCH_PATHS = "$(inherited)";
				PRODUCT_NAME = "$(TARGET_NAME)";
				WRAPPER_EXTENSION = app;
			};
			name = Debug;
		};
		B79BDEE91BB16167001083DA /* Release */ = {
			isa = XCBuildConfiguration;
			buildSettings = {
				ASSETCATALOG_COMPILER_APPICON_NAME = AppIcon;
				ASSETCATALOG_COMPILER_LAUNCHIMAGE_NAME = LaunchImage;
				GCC_PRECOMPILE_PREFIX_HEADER = YES;
				GCC_PREFIX_HEADER = "zFM/zFM-Prefix.pch";
				INFOPLIST_FILE = "zFM/zFM-Info.plist";
				LIBRARY_SEARCH_PATHS = "$(inherited)";
				PRODUCT_NAME = "$(TARGET_NAME)";
				WRAPPER_EXTENSION = app;
			};
			name = Release;
		};
		B79BDEEB1BB16167001083DA /* Debug */ = {
			isa = XCBuildConfiguration;
			buildSettings = {
				ARCHS = "$(ARCHS_STANDARD_INCLUDING_64_BIT)";
				BUNDLE_LOADER = "$(BUILT_PRODUCTS_DIR)/zFM.app/zFM";
				FRAMEWORK_SEARCH_PATHS = (
					"$(SDKROOT)/Developer/Library/Frameworks",
					"$(inherited)",
					"$(DEVELOPER_FRAMEWORKS_DIR)",
				);
				GCC_PRECOMPILE_PREFIX_HEADER = YES;
				GCC_PREFIX_HEADER = "zFM/zFM-Prefix.pch";
				GCC_PREPROCESSOR_DEFINITIONS = (
					"DEBUG=1",
					"$(inherited)",
				);
				INFOPLIST_FILE = "zFMTests/zFMTests-Info.plist";
				PRODUCT_NAME = "$(TARGET_NAME)";
				TEST_HOST = "$(BUNDLE_LOADER)";
				WRAPPER_EXTENSION = xctest;
			};
			name = Debug;
		};
		B79BDEEC1BB16167001083DA /* Release */ = {
			isa = XCBuildConfiguration;
			buildSettings = {
				ARCHS = "$(ARCHS_STANDARD_INCLUDING_64_BIT)";
				BUNDLE_LOADER = "$(BUILT_PRODUCTS_DIR)/zFM.app/zFM";
				FRAMEWORK_SEARCH_PATHS = (
					"$(SDKROOT)/Developer/Library/Frameworks",
					"$(inherited)",
					"$(DEVELOPER_FRAMEWORKS_DIR)",
				);
				GCC_PRECOMPILE_PREFIX_HEADER = YES;
				GCC_PREFIX_HEADER = "zFM/zFM-Prefix.pch";
				INFOPLIST_FILE = "zFMTests/zFMTests-Info.plist";
				PRODUCT_NAME = "$(TARGET_NAME)";
				TEST_HOST = "$(BUNDLE_LOADER)";
				WRAPPER_EXTENSION = xctest;
			};
			name = Release;
		};
/* End XCBuildConfiguration section */

/* Begin XCConfigurationList section */
		B79BDEB61BB16167001083DA /* Build configuration list for PBXProject "zFM" */ = {
			isa = XCConfigurationList;
			buildConfigurations = (
				B79BDEE51BB16167001083DA /* Debug */,
				B79BDEE61BB16167001083DA /* Release */,
			);
			defaultConfigurationIsVisible = 0;
			defaultConfigurationName = Release;
		};
		B79BDEE71BB16167001083DA /* Build configuration list for PBXNativeTarget "zFM" */ = {
			isa = XCConfigurationList;
			buildConfigurations = (
				B79BDEE81BB16167001083DA /* Debug */,
				B79BDEE91BB16167001083DA /* Release */,
			);
			defaultConfigurationIsVisible = 0;
			defaultConfigurationName = Release;
		};
		B79BDEEA1BB16167001083DA /* Build configuration list for PBXNativeTarget "zFMTests" */ = {
			isa = XCConfigurationList;
			buildConfigurations = (
				B79BDEEB1BB16167001083DA /* Debug */,
				B79BDEEC1BB16167001083DA /* Release */,
			);
			defaultConfigurationIsVisible = 0;
			defaultConfigurationName = Release;
		};
/* End XCConfigurationList section */
	};
	rootObject = B79BDEB31BB16167001083DA /* Project object */;
}
